// !$*UTF8*$!
{
	archiveVersion = 1;
	classes = {
	};
	objectVersion = 55;
	objects = {

/* Begin PBXBuildFile section */
		7778C86C279BC4E800FA583C /* MiniChallenge2App.swift in Sources */ = {isa = PBXBuildFile; fileRef = 7778C86B279BC4E800FA583C /* MiniChallenge2App.swift */; };
		7778C870279BC4E900FA583C /* Assets.xcassets in Resources */ = {isa = PBXBuildFile; fileRef = 7778C86F279BC4E900FA583C /* Assets.xcassets */; };
		7778C873279BC4E900FA583C /* Preview Assets.xcassets in Resources */ = {isa = PBXBuildFile; fileRef = 7778C872279BC4E900FA583C /* Preview Assets.xcassets */; };
		7778C87A279BC56700FA583C /* BeneficiaryView.swift in Sources */ = {isa = PBXBuildFile; fileRef = 7778C879279BC56700FA583C /* BeneficiaryView.swift */; };
		7778C880279BC63C00FA583C /* cases.json in Resources */ = {isa = PBXBuildFile; fileRef = 7778C87F279BC63C00FA583C /* cases.json */; };
		7778C882279BC64300FA583C /* Helper.swift in Sources */ = {isa = PBXBuildFile; fileRef = 7778C881279BC64300FA583C /* Helper.swift */; };
		7778C884279BC64900FA583C /* Cases.swift in Sources */ = {isa = PBXBuildFile; fileRef = 7778C883279BC64900FA583C /* Cases.swift */; };
		7778C886279BC65000FA583C /* CaseCol.swift in Sources */ = {isa = PBXBuildFile; fileRef = 7778C885279BC65000FA583C /* CaseCol.swift */; };
		7778C888279BC66A00FA583C /* CaseView.swift in Sources */ = {isa = PBXBuildFile; fileRef = 7778C887279BC66A00FA583C /* CaseView.swift */; };
		7778C88A279BC67C00FA583C /* HomeView.swift in Sources */ = {isa = PBXBuildFile; fileRef = 7778C889279BC67C00FA583C /* HomeView.swift */; };
		7778C88C279BC8D700FA583C /* FoodBanksView.swift in Sources */ = {isa = PBXBuildFile; fileRef = 7778C88B279BC8D700FA583C /* FoodBanksView.swift */; };
		7778C892279BCA7A00FA583C /* SearchBar.swift in Sources */ = {isa = PBXBuildFile; fileRef = 7778C891279BCA7A00FA583C /* SearchBar.swift */; };
		7778C894279BCAC300FA583C /* StatusBar.swift in Sources */ = {isa = PBXBuildFile; fileRef = 7778C893279BCAC300FA583C /* StatusBar.swift */; };
		7778C89A279BD45300FA583C /* Landmark.swift in Sources */ = {isa = PBXBuildFile; fileRef = 7778C899279BD45300FA583C /* Landmark.swift */; };
		7778C89C279BD45B00FA583C /* LandmarkAnnotation.swift in Sources */ = {isa = PBXBuildFile; fileRef = 7778C89B279BD45B00FA583C /* LandmarkAnnotation.swift */; };
		7778C89E279BD46200FA583C /* LocationManager.swift in Sources */ = {isa = PBXBuildFile; fileRef = 7778C89D279BD46200FA583C /* LocationManager.swift */; };
		7778C8A0279BD47000FA583C /* MapView.swift in Sources */ = {isa = PBXBuildFile; fileRef = 7778C89F279BD47000FA583C /* MapView.swift */; };
		7778C8A2279BD47D00FA583C /* PlaceListView.swift in Sources */ = {isa = PBXBuildFile; fileRef = 7778C8A1279BD47D00FA583C /* PlaceListView.swift */; };
		77901E40279E6A3A00C9A80C /* landmarkData.json in Resources */ = {isa = PBXBuildFile; fileRef = 77901E3F279E6A3A00C9A80C /* landmarkData.json */; };
		77901E42279E6C4A00C9A80C /* MapView2.swift in Sources */ = {isa = PBXBuildFile; fileRef = 77901E41279E6C4A00C9A80C /* MapView2.swift */; };
		77901E44279E6D4100C9A80C /* CircleImage.swift in Sources */ = {isa = PBXBuildFile; fileRef = 77901E43279E6D4100C9A80C /* CircleImage.swift */; };
		77901E46279E6D5100C9A80C /* LandmarkDetail.swift in Sources */ = {isa = PBXBuildFile; fileRef = 77901E45279E6D5100C9A80C /* LandmarkDetail.swift */; };
		77901E48279E6D5A00C9A80C /* LandmarkRow.swift in Sources */ = {isa = PBXBuildFile; fileRef = 77901E47279E6D5A00C9A80C /* LandmarkRow.swift */; };
		77901E4A279E6D6200C9A80C /* LandmarkList.swift in Sources */ = {isa = PBXBuildFile; fileRef = 77901E49279E6D6200C9A80C /* LandmarkList.swift */; };
		77901E4C279E70C300C9A80C /* FoodBanksList.swift in Sources */ = {isa = PBXBuildFile; fileRef = 77901E4B279E70C300C9A80C /* FoodBanksList.swift */; };
		77901E4E279E920900C9A80C /* UrgentCaseView.swift in Sources */ = {isa = PBXBuildFile; fileRef = 77901E4D279E920900C9A80C /* UrgentCaseView.swift */; };
		77901E50279E954F00C9A80C /* Home.swift in Sources */ = {isa = PBXBuildFile; fileRef = 77901E4F279E954F00C9A80C /* Home.swift */; };
		77901E52279E958700C9A80C /* Box.swift in Sources */ = {isa = PBXBuildFile; fileRef = 77901E51279E958700C9A80C /* Box.swift */; };
		77F207C6279C54E400F56D43 /* ShareView.swift in Sources */ = {isa = PBXBuildFile; fileRef = 77F207C5279C54E400F56D43 /* ShareView.swift */; };
/* End PBXBuildFile section */

/* Begin PBXFileReference section */
		7778C868279BC4E800FA583C /* MiniChallenge2.app */ = {isa = PBXFileReference; explicitFileType = wrapper.application; includeInIndex = 0; path = MiniChallenge2.app; sourceTree = BUILT_PRODUCTS_DIR; };
		7778C86B279BC4E800FA583C /* MiniChallenge2App.swift */ = {isa = PBXFileReference; lastKnownFileType = sourcecode.swift; path = MiniChallenge2App.swift; sourceTree = "<group>"; };
		7778C86F279BC4E900FA583C /* Assets.xcassets */ = {isa = PBXFileReference; lastKnownFileType = folder.assetcatalog; path = Assets.xcassets; sourceTree = "<group>"; };
		7778C872279BC4E900FA583C /* Preview Assets.xcassets */ = {isa = PBXFileReference; lastKnownFileType = folder.assetcatalog; path = "Preview Assets.xcassets"; sourceTree = "<group>"; };
		7778C879279BC56700FA583C /* BeneficiaryView.swift */ = {isa = PBXFileReference; lastKnownFileType = sourcecode.swift; path = BeneficiaryView.swift; sourceTree = "<group>"; };
		7778C87F279BC63C00FA583C /* cases.json */ = {isa = PBXFileReference; fileEncoding = 4; lastKnownFileType = text.json; path = cases.json; sourceTree = "<group>"; };
		7778C881279BC64300FA583C /* Helper.swift */ = {isa = PBXFileReference; fileEncoding = 4; lastKnownFileType = sourcecode.swift; path = Helper.swift; sourceTree = "<group>"; };
		7778C883279BC64900FA583C /* Cases.swift */ = {isa = PBXFileReference; fileEncoding = 4; lastKnownFileType = sourcecode.swift; path = Cases.swift; sourceTree = "<group>"; };
		7778C885279BC65000FA583C /* CaseCol.swift */ = {isa = PBXFileReference; fileEncoding = 4; lastKnownFileType = sourcecode.swift; path = CaseCol.swift; sourceTree = "<group>"; };
		7778C887279BC66A00FA583C /* CaseView.swift */ = {isa = PBXFileReference; fileEncoding = 4; lastKnownFileType = sourcecode.swift; path = CaseView.swift; sourceTree = "<group>"; };
		7778C889279BC67C00FA583C /* HomeView.swift */ = {isa = PBXFileReference; fileEncoding = 4; lastKnownFileType = sourcecode.swift; path = HomeView.swift; sourceTree = "<group>"; };
		7778C88B279BC8D700FA583C /* FoodBanksView.swift */ = {isa = PBXFileReference; lastKnownFileType = sourcecode.swift; path = FoodBanksView.swift; sourceTree = "<group>"; };
		7778C891279BCA7A00FA583C /* SearchBar.swift */ = {isa = PBXFileReference; lastKnownFileType = sourcecode.swift; path = SearchBar.swift; sourceTree = "<group>"; };
		7778C893279BCAC300FA583C /* StatusBar.swift */ = {isa = PBXFileReference; lastKnownFileType = sourcecode.swift; path = StatusBar.swift; sourceTree = "<group>"; };
		7778C899279BD45300FA583C /* Landmark.swift */ = {isa = PBXFileReference; fileEncoding = 4; lastKnownFileType = sourcecode.swift; path = Landmark.swift; sourceTree = "<group>"; };
		7778C89B279BD45B00FA583C /* LandmarkAnnotation.swift */ = {isa = PBXFileReference; fileEncoding = 4; lastKnownFileType = sourcecode.swift; path = LandmarkAnnotation.swift; sourceTree = "<group>"; };
		7778C89D279BD46200FA583C /* LocationManager.swift */ = {isa = PBXFileReference; fileEncoding = 4; lastKnownFileType = sourcecode.swift; path = LocationManager.swift; sourceTree = "<group>"; };
		7778C89F279BD47000FA583C /* MapView.swift */ = {isa = PBXFileReference; fileEncoding = 4; lastKnownFileType = sourcecode.swift; path = MapView.swift; sourceTree = "<group>"; };
		7778C8A1279BD47D00FA583C /* PlaceListView.swift */ = {isa = PBXFileReference; fileEncoding = 4; lastKnownFileType = sourcecode.swift; path = PlaceListView.swift; sourceTree = "<group>"; };
		77901E3F279E6A3A00C9A80C /* landmarkData.json */ = {isa = PBXFileReference; fileEncoding = 4; lastKnownFileType = text.json; path = landmarkData.json; sourceTree = "<group>"; };
		77901E41279E6C4A00C9A80C /* MapView2.swift */ = {isa = PBXFileReference; lastKnownFileType = sourcecode.swift; path = MapView2.swift; sourceTree = "<group>"; };
		77901E43279E6D4100C9A80C /* CircleImage.swift */ = {isa = PBXFileReference; fileEncoding = 4; lastKnownFileType = sourcecode.swift; path = CircleImage.swift; sourceTree = "<group>"; };
		77901E45279E6D5100C9A80C /* LandmarkDetail.swift */ = {isa = PBXFileReference; fileEncoding = 4; lastKnownFileType = sourcecode.swift; path = LandmarkDetail.swift; sourceTree = "<group>"; };
		77901E47279E6D5A00C9A80C /* LandmarkRow.swift */ = {isa = PBXFileReference; fileEncoding = 4; lastKnownFileType = sourcecode.swift; path = LandmarkRow.swift; sourceTree = "<group>"; };
		77901E49279E6D6200C9A80C /* LandmarkList.swift */ = {isa = PBXFileReference; fileEncoding = 4; lastKnownFileType = sourcecode.swift; path = LandmarkList.swift; sourceTree = "<group>"; };
		77901E4B279E70C300C9A80C /* FoodBanksList.swift */ = {isa = PBXFileReference; lastKnownFileType = sourcecode.swift; path = FoodBanksList.swift; sourceTree = "<group>"; };
		77901E4D279E920900C9A80C /* UrgentCaseView.swift */ = {isa = PBXFileReference; lastKnownFileType = sourcecode.swift; path = UrgentCaseView.swift; sourceTree = "<group>"; };
		77901E4F279E954F00C9A80C /* Home.swift */ = {isa = PBXFileReference; fileEncoding = 4; lastKnownFileType = sourcecode.swift; name = Home.swift; path = ../../../Home.swift; sourceTree = "<group>"; };
		77901E51279E958700C9A80C /* Box.swift */ = {isa = PBXFileReference; fileEncoding = 4; lastKnownFileType = sourcecode.swift; path = Box.swift; sourceTree = "<group>"; };
		77F207C5279C54E400F56D43 /* ShareView.swift */ = {isa = PBXFileReference; lastKnownFileType = sourcecode.swift; path = ShareView.swift; sourceTree = "<group>"; };
/* End PBXFileReference section */

/* Begin PBXFrameworksBuildPhase section */
		7778C865279BC4E800FA583C /* Frameworks */ = {
			isa = PBXFrameworksBuildPhase;
			buildActionMask = 2147483647;
			files = (
			);
			runOnlyForDeploymentPostprocessing = 0;
		};
/* End PBXFrameworksBuildPhase section */

/* Begin PBXGroup section */
		7778C85F279BC4E800FA583C = {
			isa = PBXGroup;
			children = (
				7778C86A279BC4E800FA583C /* MiniChallenge2 */,
				7778C869279BC4E800FA583C /* Products */,
			);
			sourceTree = "<group>";
		};
		7778C869279BC4E800FA583C /* Products */ = {
			isa = PBXGroup;
			children = (
				7778C868279BC4E800FA583C /* MiniChallenge2.app */,
			);
			name = Products;
			sourceTree = "<group>";
		};
		7778C86A279BC4E800FA583C /* MiniChallenge2 */ = {
			isa = PBXGroup;
			children = (
				7778C86B279BC4E800FA583C /* MiniChallenge2App.swift */,
				7778C889279BC67C00FA583C /* HomeView.swift */,
				7778C896279BD20B00FA583C /* Views */,
				7778C895279BD1D500FA583C /* Components */,
				7778C898279BD24600FA583C /* Data */,
				7778C86F279BC4E900FA583C /* Assets.xcassets */,
				7778C871279BC4E900FA583C /* Preview Content */,
			);
			path = MiniChallenge2;
			sourceTree = "<group>";
		};
		7778C871279BC4E900FA583C /* Preview Content */ = {
			isa = PBXGroup;
			children = (
				7778C872279BC4E900FA583C /* Preview Assets.xcassets */,
			);
			path = "Preview Content";
			sourceTree = "<group>";
		};
		7778C895279BD1D500FA583C /* Components */ = {
			isa = PBXGroup;
			children = (
				77901E49279E6D6200C9A80C /* LandmarkList.swift */,
				7778C885279BC65000FA583C /* CaseCol.swift */,
				77901E43279E6D4100C9A80C /* CircleImage.swift */,
				77901E51279E958700C9A80C /* Box.swift */,
				77F207C5279C54E400F56D43 /* ShareView.swift */,
				77901E47279E6D5A00C9A80C /* LandmarkRow.swift */,
				77901E45279E6D5100C9A80C /* LandmarkDetail.swift */,
				7778C891279BCA7A00FA583C /* SearchBar.swift */,
				7778C893279BCAC300FA583C /* StatusBar.swift */,
			);
			path = Components;
			sourceTree = "<group>";
		};
		7778C896279BD20B00FA583C /* Views */ = {
			isa = PBXGroup;
			children = (
				7778C879279BC56700FA583C /* BeneficiaryView.swift */,
				77901E4F279E954F00C9A80C /* Home.swift */,
				7778C887279BC66A00FA583C /* CaseView.swift */,
				7778C88B279BC8D700FA583C /* FoodBanksView.swift */,
				7778C8A1279BD47D00FA583C /* PlaceListView.swift */,
				77901E4B279E70C300C9A80C /* FoodBanksList.swift */,
				7778C89F279BD47000FA583C /* MapView.swift */,
				77901E41279E6C4A00C9A80C /* MapView2.swift */,
			);
			path = Views;
			sourceTree = "<group>";
		};
		7778C898279BD24600FA583C /* Data */ = {
			isa = PBXGroup;
			children = (
				7778C87F279BC63C00FA583C /* cases.json */,
				77901E4D279E920900C9A80C /* UrgentCaseView.swift */,
				77901E3F279E6A3A00C9A80C /* landmarkData.json */,
				7778C899279BD45300FA583C /* Landmark.swift */,
				7778C89B279BD45B00FA583C /* LandmarkAnnotation.swift */,
				7778C89D279BD46200FA583C /* LocationManager.swift */,
				7778C883279BC64900FA583C /* Cases.swift */,
				7778C881279BC64300FA583C /* Helper.swift */,
			);
			path = Data;
			sourceTree = "<group>";
		};
/* End PBXGroup section */

/* Begin PBXNativeTarget section */
		7778C867279BC4E800FA583C /* MiniChallenge2 */ = {
			isa = PBXNativeTarget;
			buildConfigurationList = 7778C876279BC4E900FA583C /* Build configuration list for PBXNativeTarget "MiniChallenge2" */;
			buildPhases = (
				7778C864279BC4E800FA583C /* Sources */,
				7778C865279BC4E800FA583C /* Frameworks */,
				7778C866279BC4E800FA583C /* Resources */,
			);
			buildRules = (
			);
			dependencies = (
			);
			name = MiniChallenge2;
			productName = MiniChallenge2;
			productReference = 7778C868279BC4E800FA583C /* MiniChallenge2.app */;
			productType = "com.apple.product-type.application";
		};
/* End PBXNativeTarget section */

/* Begin PBXProject section */
		7778C860279BC4E800FA583C /* Project object */ = {
			isa = PBXProject;
			attributes = {
				BuildIndependentTargetsInParallel = 1;
				LastSwiftUpdateCheck = 1320;
				LastUpgradeCheck = 1320;
				TargetAttributes = {
					7778C867279BC4E800FA583C = {
						CreatedOnToolsVersion = 13.2.1;
					};
				};
			};
			buildConfigurationList = 7778C863279BC4E800FA583C /* Build configuration list for PBXProject "MiniChallenge2" */;
			compatibilityVersion = "Xcode 13.0";
			developmentRegion = en;
			hasScannedForEncodings = 0;
			knownRegions = (
				en,
				Base,
			);
			mainGroup = 7778C85F279BC4E800FA583C;
			productRefGroup = 7778C869279BC4E800FA583C /* Products */;
			projectDirPath = "";
			projectRoot = "";
			targets = (
				7778C867279BC4E800FA583C /* MiniChallenge2 */,
			);
		};
/* End PBXProject section */

/* Begin PBXResourcesBuildPhase section */
		7778C866279BC4E800FA583C /* Resources */ = {
			isa = PBXResourcesBuildPhase;
			buildActionMask = 2147483647;
			files = (
				7778C873279BC4E900FA583C /* Preview Assets.xcassets in Resources */,
				77901E40279E6A3A00C9A80C /* landmarkData.json in Resources */,
				7778C880279BC63C00FA583C /* cases.json in Resources */,
				7778C870279BC4E900FA583C /* Assets.xcassets in Resources */,
			);
			runOnlyForDeploymentPostprocessing = 0;
		};
/* End PBXResourcesBuildPhase section */

/* Begin PBXSourcesBuildPhase section */
		7778C864279BC4E800FA583C /* Sources */ = {
			isa = PBXSourcesBuildPhase;
			buildActionMask = 2147483647;
			files = (
				77901E42279E6C4A00C9A80C /* MapView2.swift in Sources */,
				77901E4A279E6D6200C9A80C /* LandmarkList.swift in Sources */,
				7778C88C279BC8D700FA583C /* FoodBanksView.swift in Sources */,
				77901E4E279E920900C9A80C /* UrgentCaseView.swift in Sources */,
				7778C886279BC65000FA583C /* CaseCol.swift in Sources */,
				7778C87A279BC56700FA583C /* BeneficiaryView.swift in Sources */,
				7778C884279BC64900FA583C /* Cases.swift in Sources */,
				77901E48279E6D5A00C9A80C /* LandmarkRow.swift in Sources */,
				7778C888279BC66A00FA583C /* CaseView.swift in Sources */,
				77F207C6279C54E400F56D43 /* ShareView.swift in Sources */,
				77901E46279E6D5100C9A80C /* LandmarkDetail.swift in Sources */,
				7778C88A279BC67C00FA583C /* HomeView.swift in Sources */,
				7778C8A0279BD47000FA583C /* MapView.swift in Sources */,
				7778C892279BCA7A00FA583C /* SearchBar.swift in Sources */,
				77901E52279E958700C9A80C /* Box.swift in Sources */,
				7778C86C279BC4E800FA583C /* MiniChallenge2App.swift in Sources */,
				7778C8A2279BD47D00FA583C /* PlaceListView.swift in Sources */,
				7778C882279BC64300FA583C /* Helper.swift in Sources */,
				7778C89E279BD46200FA583C /* LocationManager.swift in Sources */,
				77901E44279E6D4100C9A80C /* CircleImage.swift in Sources */,
				77901E4C279E70C300C9A80C /* FoodBanksList.swift in Sources */,
				7778C89C279BD45B00FA583C /* LandmarkAnnotation.swift in Sources */,
				77901E50279E954F00C9A80C /* Home.swift in Sources */,
				7778C894279BCAC300FA583C /* StatusBar.swift in Sources */,
				7778C89A279BD45300FA583C /* Landmark.swift in Sources */,
			);
			runOnlyForDeploymentPostprocessing = 0;
		};
/* End PBXSourcesBuildPhase section */

/* Begin XCBuildConfiguration section */
		7778C874279BC4E900FA583C /* Debug */ = {
			isa = XCBuildConfiguration;
			buildSettings = {
				ALWAYS_SEARCH_USER_PATHS = NO;
				CLANG_ANALYZER_NONNULL = YES;
				CLANG_ANALYZER_NUMBER_OBJECT_CONVERSION = YES_AGGRESSIVE;
				CLANG_CXX_LANGUAGE_STANDARD = "gnu++17";
				CLANG_CXX_LIBRARY = "libc++";
				CLANG_ENABLE_MODULES = YES;
				CLANG_ENABLE_OBJC_ARC = YES;
				CLANG_ENABLE_OBJC_WEAK = YES;
				CLANG_WARN_BLOCK_CAPTURE_AUTORELEASING = YES;
				CLANG_WARN_BOOL_CONVERSION = YES;
				CLANG_WARN_COMMA = YES;
				CLANG_WARN_CONSTANT_CONVERSION = YES;
				CLANG_WARN_DEPRECATED_OBJC_IMPLEMENTATIONS = YES;
				CLANG_WARN_DIRECT_OBJC_ISA_USAGE = YES_ERROR;
				CLANG_WARN_DOCUMENTATION_COMMENTS = YES;
				CLANG_WARN_EMPTY_BODY = YES;
				CLANG_WARN_ENUM_CONVERSION = YES;
				CLANG_WARN_INFINITE_RECURSION = YES;
				CLANG_WARN_INT_CONVERSION = YES;
				CLANG_WARN_NON_LITERAL_NULL_CONVERSION = YES;
				CLANG_WARN_OBJC_IMPLICIT_RETAIN_SELF = YES;
				CLANG_WARN_OBJC_LITERAL_CONVERSION = YES;
				CLANG_WARN_OBJC_ROOT_CLASS = YES_ERROR;
				CLANG_WARN_QUOTED_INCLUDE_IN_FRAMEWORK_HEADER = YES;
				CLANG_WARN_RANGE_LOOP_ANALYSIS = YES;
				CLANG_WARN_STRICT_PROTOTYPES = YES;
				CLANG_WARN_SUSPICIOUS_MOVE = YES;
				CLANG_WARN_UNGUARDED_AVAILABILITY = YES_AGGRESSIVE;
				CLANG_WARN_UNREACHABLE_CODE = YES;
				CLANG_WARN__DUPLICATE_METHOD_MATCH = YES;
				COPY_PHASE_STRIP = NO;
				DEBUG_INFORMATION_FORMAT = dwarf;
				ENABLE_STRICT_OBJC_MSGSEND = YES;
				ENABLE_TESTABILITY = YES;
				GCC_C_LANGUAGE_STANDARD = gnu11;
				GCC_DYNAMIC_NO_PIC = NO;
				GCC_NO_COMMON_BLOCKS = YES;
				GCC_OPTIMIZATION_LEVEL = 0;
				GCC_PREPROCESSOR_DEFINITIONS = (
					"DEBUG=1",
					"$(inherited)",
				);
				GCC_WARN_64_TO_32_BIT_CONVERSION = YES;
				GCC_WARN_ABOUT_RETURN_TYPE = YES_ERROR;
				GCC_WARN_UNDECLARED_SELECTOR = YES;
				GCC_WARN_UNINITIALIZED_AUTOS = YES_AGGRESSIVE;
				GCC_WARN_UNUSED_FUNCTION = YES;
				GCC_WARN_UNUSED_VARIABLE = YES;
				IPHONEOS_DEPLOYMENT_TARGET = 15.2;
				MTL_ENABLE_DEBUG_INFO = INCLUDE_SOURCE;
				MTL_FAST_MATH = YES;
				ONLY_ACTIVE_ARCH = YES;
				SDKROOT = iphoneos;
				SWIFT_ACTIVE_COMPILATION_CONDITIONS = DEBUG;
				SWIFT_OPTIMIZATION_LEVEL = "-Onone";
			};
			name = Debug;
		};
		7778C875279BC4E900FA583C /* Release */ = {
			isa = XCBuildConfiguration;
			buildSettings = {
				ALWAYS_SEARCH_USER_PATHS = NO;
				CLANG_ANALYZER_NONNULL = YES;
				CLANG_ANALYZER_NUMBER_OBJECT_CONVERSION = YES_AGGRESSIVE;
				CLANG_CXX_LANGUAGE_STANDARD = "gnu++17";
				CLANG_CXX_LIBRARY = "libc++";
				CLANG_ENABLE_MODULES = YES;
				CLANG_ENABLE_OBJC_ARC = YES;
				CLANG_ENABLE_OBJC_WEAK = YES;
				CLANG_WARN_BLOCK_CAPTURE_AUTORELEASING = YES;
				CLANG_WARN_BOOL_CONVERSION = YES;
				CLANG_WARN_COMMA = YES;
				CLANG_WARN_CONSTANT_CONVERSION = YES;
				CLANG_WARN_DEPRECATED_OBJC_IMPLEMENTATIONS = YES;
				CLANG_WARN_DIRECT_OBJC_ISA_USAGE = YES_ERROR;
				CLANG_WARN_DOCUMENTATION_COMMENTS = YES;
				CLANG_WARN_EMPTY_BODY = YES;
				CLANG_WARN_ENUM_CONVERSION = YES;
				CLANG_WARN_INFINITE_RECURSION = YES;
				CLANG_WARN_INT_CONVERSION = YES;
				CLANG_WARN_NON_LITERAL_NULL_CONVERSION = YES;
				CLANG_WARN_OBJC_IMPLICIT_RETAIN_SELF = YES;
				CLANG_WARN_OBJC_LITERAL_CONVERSION = YES;
				CLANG_WARN_OBJC_ROOT_CLASS = YES_ERROR;
				CLANG_WARN_QUOTED_INCLUDE_IN_FRAMEWORK_HEADER = YES;
				CLANG_WARN_RANGE_LOOP_ANALYSIS = YES;
				CLANG_WARN_STRICT_PROTOTYPES = YES;
				CLANG_WARN_SUSPICIOUS_MOVE = YES;
				CLANG_WARN_UNGUARDED_AVAILABILITY = YES_AGGRESSIVE;
				CLANG_WARN_UNREACHABLE_CODE = YES;
				CLANG_WARN__DUPLICATE_METHOD_MATCH = YES;
				COPY_PHASE_STRIP = NO;
				DEBUG_INFORMATION_FORMAT = "dwarf-with-dsym";
				ENABLE_NS_ASSERTIONS = NO;
				ENABLE_STRICT_OBJC_MSGSEND = YES;
				GCC_C_LANGUAGE_STANDARD = gnu11;
				GCC_NO_COMMON_BLOCKS = YES;
				GCC_WARN_64_TO_32_BIT_CONVERSION = YES;
				GCC_WARN_ABOUT_RETURN_TYPE = YES_ERROR;
				GCC_WARN_UNDECLARED_SELECTOR = YES;
				GCC_WARN_UNINITIALIZED_AUTOS = YES_AGGRESSIVE;
				GCC_WARN_UNUSED_FUNCTION = YES;
				GCC_WARN_UNUSED_VARIABLE = YES;
				IPHONEOS_DEPLOYMENT_TARGET = 15.2;
				MTL_ENABLE_DEBUG_INFO = NO;
				MTL_FAST_MATH = YES;
				SDKROOT = iphoneos;
				SWIFT_COMPILATION_MODE = wholemodule;
				SWIFT_OPTIMIZATION_LEVEL = "-O";
				VALIDATE_PRODUCT = YES;
			};
			name = Release;
		};
		7778C877279BC4E900FA583C /* Debug */ = {
			isa = XCBuildConfiguration;
			buildSettings = {
				ASSETCATALOG_COMPILER_APPICON_NAME = AppIcon;
				ASSETCATALOG_COMPILER_GLOBAL_ACCENT_COLOR_NAME = AccentColor;
				CODE_SIGN_STYLE = Automatic;
				CURRENT_PROJECT_VERSION = 1;
				DEVELOPMENT_ASSET_PATHS = "\"MiniChallenge2/Preview Content\"";
				DEVELOPMENT_TEAM = SVB5AUM5UT;
				ENABLE_PREVIEWS = YES;
				GENERATE_INFOPLIST_FILE = YES;
				INFOPLIST_KEY_NSLocationWhenInUseUsageDescription = "";
				INFOPLIST_KEY_UIApplicationSceneManifest_Generation = YES;
				INFOPLIST_KEY_UIApplicationSupportsIndirectInputEvents = YES;
				INFOPLIST_KEY_UILaunchScreen_Generation = YES;
				INFOPLIST_KEY_UISupportedInterfaceOrientations_iPad = "UIInterfaceOrientationPortrait UIInterfaceOrientationPortraitUpsideDown UIInterfaceOrientationLandscapeLeft UIInterfaceOrientationLandscapeRight";
				INFOPLIST_KEY_UISupportedInterfaceOrientations_iPhone = "UIInterfaceOrientationPortrait UIInterfaceOrientationLandscapeLeft UIInterfaceOrientationLandscapeRight";
				LD_RUNPATH_SEARCH_PATHS = (
					"$(inherited)",
					"@executable_path/Frameworks",
				);
				MARKETING_VERSION = 1.0;
				PRODUCT_BUNDLE_IDENTIFIER = myfirstappsh.MiniChallenge2;
				PRODUCT_NAME = "$(TARGET_NAME)";
				SWIFT_EMIT_LOC_STRINGS = YES;
				SWIFT_VERSION = 5.0;
				TARGETED_DEVICE_FAMILY = "1,2";
			};
			name = Debug;
		};
		7778C878279BC4E900FA583C /* Release */ = {
			isa = XCBuildConfiguration;
			buildSettings = {
				ASSETCATALOG_COMPILER_APPICON_NAME = AppIcon;
				ASSETCATALOG_COMPILER_GLOBAL_ACCENT_COLOR_NAME = AccentColor;
				CODE_SIGN_STYLE = Automatic;
				CURRENT_PROJECT_VERSION = 1;
				DEVELOPMENT_ASSET_PATHS = "\"MiniChallenge2/Preview Content\"";
				DEVELOPMENT_TEAM = SVB5AUM5UT;
				ENABLE_PREVIEWS = YES;
				GENERATE_INFOPLIST_FILE = YES;
				INFOPLIST_KEY_NSLocationWhenInUseUsageDescription = "";
				INFOPLIST_KEY_UIApplicationSceneManifest_Generation = YES;
				INFOPLIST_KEY_UIApplicationSupportsIndirectInputEvents = YES;
				INFOPLIST_KEY_UILaunchScreen_Generation = YES;
				INFOPLIST_KEY_UISupportedInterfaceOrientations_iPad = "UIInterfaceOrientationPortrait UIInterfaceOrientationPortraitUpsideDown UIInterfaceOrientationLandscapeLeft UIInterfaceOrientationLandscapeRight";
				INFOPLIST_KEY_UISupportedInterfaceOrientations_iPhone = "UIInterfaceOrientationPortrait UIInterfaceOrientationLandscapeLeft UIInterfaceOrientationLandscapeRight";
				LD_RUNPATH_SEARCH_PATHS = (
					"$(inherited)",
					"@executable_path/Frameworks",
				);
				MARKETING_VERSION = 1.0;
				PRODUCT_BUNDLE_IDENTIFIER = myfirstappsh.MiniChallenge2;
				PRODUCT_NAME = "$(TARGET_NAME)";
				SWIFT_EMIT_LOC_STRINGS = YES;
				SWIFT_VERSION = 5.0;
				TARGETED_DEVICE_FAMILY = "1,2";
			};
			name = Release;
		};
/* End XCBuildConfiguration section */

/* Begin XCConfigurationList section */
		7778C863279BC4E800FA583C /* Build configuration list for PBXProject "MiniChallenge2" */ = {
			isa = XCConfigurationList;
			buildConfigurations = (
				7778C874279BC4E900FA583C /* Debug */,
				7778C875279BC4E900FA583C /* Release */,
			);
			defaultConfigurationIsVisible = 0;
			defaultConfigurationName = Release;
		};
		7778C876279BC4E900FA583C /* Build configuration list for PBXNativeTarget "MiniChallenge2" */ = {
			isa = XCConfigurationList;
			buildConfigurations = (
				7778C877279BC4E900FA583C /* Debug */,
				7778C878279BC4E900FA583C /* Release */,
			);
			defaultConfigurationIsVisible = 0;
			defaultConfigurationName = Release;
		};
/* End XCConfigurationList section */
	};
	rootObject = 7778C860279BC4E800FA583C /* Project object */;
}
